// !$*UTF8*$!
{
	archiveVersion = 1;
	classes = {
	};
	objectVersion = 56;
	objects = {

/* Begin PBXBuildFile section */
		785C76BC2BE20B7F00E4B7AE /* MIBottomDrawerApp.swift in Sources */ = {isa = PBXBuildFile; fileRef = 785C76BB2BE20B7F00E4B7AE /* MIBottomDrawerApp.swift */; };
		785C76BE2BE20B7F00E4B7AE /* ContentView.swift in Sources */ = {isa = PBXBuildFile; fileRef = 785C76BD2BE20B7F00E4B7AE /* ContentView.swift */; };
		785C76C02BE20B8100E4B7AE /* Assets.xcassets in Resources */ = {isa = PBXBuildFile; fileRef = 785C76BF2BE20B8100E4B7AE /* Assets.xcassets */; };
		785C76C32BE20B8100E4B7AE /* Preview Assets.xcassets in Resources */ = {isa = PBXBuildFile; fileRef = 785C76C22BE20B8100E4B7AE /* Preview Assets.xcassets */; };
		785C76EA2BE20BEE00E4B7AE /* MIBottomDrawer.swift in Sources */ = {isa = PBXBuildFile; fileRef = 785C76E62BE20BED00E4B7AE /* MIBottomDrawer.swift */; };
		785C76EB2BE20BEE00E4B7AE /* MIBottomDrawer+DragGesture.swift in Sources */ = {isa = PBXBuildFile; fileRef = 785C76E72BE20BED00E4B7AE /* MIBottomDrawer+DragGesture.swift */; };
		785C76EC2BE20BEE00E4B7AE /* MIBottomDrawer+Modifiers.swift in Sources */ = {isa = PBXBuildFile; fileRef = 785C76E82BE20BED00E4B7AE /* MIBottomDrawer+Modifiers.swift */; };
		785C76ED2BE20BEE00E4B7AE /* MIBottomDrawer+Computed.swift in Sources */ = {isa = PBXBuildFile; fileRef = 785C76E92BE20BEE00E4B7AE /* MIBottomDrawer+Computed.swift */; };
/* End PBXBuildFile section */

/* Begin PBXFileReference section */
		785C76B82BE20B7F00E4B7AE /* MIBottomDrawer.app */ = {isa = PBXFileReference; explicitFileType = wrapper.application; includeInIndex = 0; path = MIBottomDrawer.app; sourceTree = BUILT_PRODUCTS_DIR; };
		785C76BB2BE20B7F00E4B7AE /* MIBottomDrawerApp.swift */ = {isa = PBXFileReference; lastKnownFileType = sourcecode.swift; path = MIBottomDrawerApp.swift; sourceTree = "<group>"; };
		785C76BD2BE20B7F00E4B7AE /* ContentView.swift */ = {isa = PBXFileReference; lastKnownFileType = sourcecode.swift; path = ContentView.swift; sourceTree = "<group>"; };
		785C76BF2BE20B8100E4B7AE /* Assets.xcassets */ = {isa = PBXFileReference; lastKnownFileType = folder.assetcatalog; path = Assets.xcassets; sourceTree = "<group>"; };
		785C76C22BE20B8100E4B7AE /* Preview Assets.xcassets */ = {isa = PBXFileReference; lastKnownFileType = folder.assetcatalog; path = "Preview Assets.xcassets"; sourceTree = "<group>"; };
		785C76E62BE20BED00E4B7AE /* MIBottomDrawer.swift */ = {isa = PBXFileReference; fileEncoding = 4; lastKnownFileType = sourcecode.swift; path = MIBottomDrawer.swift; sourceTree = "<group>"; };
		785C76E72BE20BED00E4B7AE /* MIBottomDrawer+DragGesture.swift */ = {isa = PBXFileReference; fileEncoding = 4; lastKnownFileType = sourcecode.swift; path = "MIBottomDrawer+DragGesture.swift"; sourceTree = "<group>"; };
		785C76E82BE20BED00E4B7AE /* MIBottomDrawer+Modifiers.swift */ = {isa = PBXFileReference; fileEncoding = 4; lastKnownFileType = sourcecode.swift; path = "MIBottomDrawer+Modifiers.swift"; sourceTree = "<group>"; };
		785C76E92BE20BEE00E4B7AE /* MIBottomDrawer+Computed.swift */ = {isa = PBXFileReference; fileEncoding = 4; lastKnownFileType = sourcecode.swift; path = "MIBottomDrawer+Computed.swift"; sourceTree = "<group>"; };
/* End PBXFileReference section */

/* Begin PBXFrameworksBuildPhase section */
		785C76B52BE20B7F00E4B7AE /* Frameworks */ = {
			isa = PBXFrameworksBuildPhase;
			buildActionMask = 2147483647;
			files = (
			);
			runOnlyForDeploymentPostprocessing = 0;
		};
/* End PBXFrameworksBuildPhase section */

/* Begin PBXGroup section */
		785C76AF2BE20B7F00E4B7AE = {
			isa = PBXGroup;
			children = (
				785C76BA2BE20B7F00E4B7AE /* MIBottomDrawer */,
				785C76B92BE20B7F00E4B7AE /* Products */,
			);
			sourceTree = "<group>";
		};
		785C76B92BE20B7F00E4B7AE /* Products */ = {
			isa = PBXGroup;
			children = (
				785C76B82BE20B7F00E4B7AE /* MIBottomDrawer.app */,
			);
			name = Products;
			sourceTree = "<group>";
		};
		785C76BA2BE20B7F00E4B7AE /* MIBottomDrawer */ = {
			isa = PBXGroup;
			children = (
				785C76E52BE20BCC00E4B7AE /* MIDrawer */,
				785C76BB2BE20B7F00E4B7AE /* MIBottomDrawerApp.swift */,
				785C76BD2BE20B7F00E4B7AE /* ContentView.swift */,
				785C76BF2BE20B8100E4B7AE /* Assets.xcassets */,
				785C76C12BE20B8100E4B7AE /* Preview Content */,
			);
			path = MIBottomDrawer;
			sourceTree = "<group>";
		};
		785C76C12BE20B8100E4B7AE /* Preview Content */ = {
			isa = PBXGroup;
			children = (
				785C76C22BE20B8100E4B7AE /* Preview Assets.xcassets */,
			);
			path = "Preview Content";
			sourceTree = "<group>";
		};
		785C76E52BE20BCC00E4B7AE /* MIDrawer */ = {
			isa = PBXGroup;
			children = (
				785C76E62BE20BED00E4B7AE /* MIBottomDrawer.swift */,
				785C76E92BE20BEE00E4B7AE /* MIBottomDrawer+Computed.swift */,
				785C76E72BE20BED00E4B7AE /* MIBottomDrawer+DragGesture.swift */,
				785C76E82BE20BED00E4B7AE /* MIBottomDrawer+Modifiers.swift */,
			);
			path = MIDrawer;
			sourceTree = "<group>";
		};
/* End PBXGroup section */

/* Begin PBXNativeTarget section */
		785C76B72BE20B7F00E4B7AE /* MIBottomDrawer */ = {
			isa = PBXNativeTarget;
			buildConfigurationList = 785C76DC2BE20B8200E4B7AE /* Build configuration list for PBXNativeTarget "MIBottomDrawer" */;
			buildPhases = (
				785C76B42BE20B7F00E4B7AE /* Sources */,
				785C76B52BE20B7F00E4B7AE /* Frameworks */,
				785C76B62BE20B7F00E4B7AE /* Resources */,
			);
			buildRules = (
			);
			dependencies = (
			);
			name = MIBottomDrawer;
			productName = MIBottomDrawer;
			productReference = 785C76B82BE20B7F00E4B7AE /* MIBottomDrawer.app */;
			productType = "com.apple.product-type.application";
		};
/* End PBXNativeTarget section */

/* Begin PBXProject section */
		785C76B02BE20B7F00E4B7AE /* Project object */ = {
			isa = PBXProject;
			attributes = {
				BuildIndependentTargetsInParallel = 1;
				LastSwiftUpdateCheck = 1530;
				LastUpgradeCheck = 1530;
				TargetAttributes = {
					785C76B72BE20B7F00E4B7AE = {
						CreatedOnToolsVersion = 15.3;
					};
				};
			};
			buildConfigurationList = 785C76B32BE20B7F00E4B7AE /* Build configuration list for PBXProject "MIBottomDrawer" */;
			compatibilityVersion = "Xcode 14.0";
			developmentRegion = en;
			hasScannedForEncodings = 0;
			knownRegions = (
				en,
				Base,
			);
			mainGroup = 785C76AF2BE20B7F00E4B7AE;
			productRefGroup = 785C76B92BE20B7F00E4B7AE /* Products */;
			projectDirPath = "";
			projectRoot = "";
			targets = (
				785C76B72BE20B7F00E4B7AE /* MIBottomDrawer */,
			);
		};
/* End PBXProject section */

/* Begin PBXResourcesBuildPhase section */
		785C76B62BE20B7F00E4B7AE /* Resources */ = {
			isa = PBXResourcesBuildPhase;
			buildActionMask = 2147483647;
			files = (
				785C76C32BE20B8100E4B7AE /* Preview Assets.xcassets in Resources */,
				785C76C02BE20B8100E4B7AE /* Assets.xcassets in Resources */,
			);
			runOnlyForDeploymentPostprocessing = 0;
		};
/* End PBXResourcesBuildPhase section */

/* Begin PBXSourcesBuildPhase section */
		785C76B42BE20B7F00E4B7AE /* Sources */ = {
			isa = PBXSourcesBuildPhase;
			buildActionMask = 2147483647;
			files = (
				785C76EC2BE20BEE00E4B7AE /* MIBottomDrawer+Modifiers.swift in Sources */,
				785C76BE2BE20B7F00E4B7AE /* ContentView.swift in Sources */,
				785C76EA2BE20BEE00E4B7AE /* MIBottomDrawer.swift in Sources */,
				785C76EB2BE20BEE00E4B7AE /* MIBottomDrawer+DragGesture.swift in Sources */,
				785C76ED2BE20BEE00E4B7AE /* MIBottomDrawer+Computed.swift in Sources */,
				785C76BC2BE20B7F00E4B7AE /* MIBottomDrawerApp.swift in Sources */,
			);
			runOnlyForDeploymentPostprocessing = 0;
		};
/* End PBXSourcesBuildPhase section */

/* Begin XCBuildConfiguration section */
		785C76DA2BE20B8200E4B7AE /* Debug */ = {
			isa = XCBuildConfiguration;
			buildSettings = {
				ALWAYS_SEARCH_USER_PATHS = NO;
				ASSETCATALOG_COMPILER_GENERATE_SWIFT_ASSET_SYMBOL_EXTENSIONS = YES;
				CLANG_ANALYZER_NONNULL = YES;
				CLANG_ANALYZER_NUMBER_OBJECT_CONVERSION = YES_AGGRESSIVE;
				CLANG_CXX_LANGUAGE_STANDARD = "gnu++20";
				CLANG_ENABLE_MODULES = YES;
				CLANG_ENABLE_OBJC_ARC = YES;
				CLANG_ENABLE_OBJC_WEAK = YES;
				CLANG_WARN_BLOCK_CAPTURE_AUTORELEASING = YES;
				CLANG_WARN_BOOL_CONVERSION = YES;
				CLANG_WARN_COMMA = YES;
				CLANG_WARN_CONSTANT_CONVERSION = YES;
				CLANG_WARN_DEPRECATED_OBJC_IMPLEMENTATIONS = YES;
				CLANG_WARN_DIRECT_OBJC_ISA_USAGE = YES_ERROR;
				CLANG_WARN_DOCUMENTATION_COMMENTS = YES;
				CLANG_WARN_EMPTY_BODY = YES;
				CLANG_WARN_ENUM_CONVERSION = YES;
				CLANG_WARN_INFINITE_RECURSION = YES;
				CLANG_WARN_INT_CONVERSION = YES;
				CLANG_WARN_NON_LITERAL_NULL_CONVERSION = YES;
				CLANG_WARN_OBJC_IMPLICIT_RETAIN_SELF = YES;
				CLANG_WARN_OBJC_LITERAL_CONVERSION = YES;
				CLANG_WARN_OBJC_ROOT_CLASS = YES_ERROR;
				CLANG_WARN_QUOTED_INCLUDE_IN_FRAMEWORK_HEADER = YES;
				CLANG_WARN_RANGE_LOOP_ANALYSIS = YES;
				CLANG_WARN_STRICT_PROTOTYPES = YES;
				CLANG_WARN_SUSPICIOUS_MOVE = YES;
				CLANG_WARN_UNGUARDED_AVAILABILITY = YES_AGGRESSIVE;
				CLANG_WARN_UNREACHABLE_CODE = YES;
				CLANG_WARN__DUPLICATE_METHOD_MATCH = YES;
				COPY_PHASE_STRIP = NO;
				DEBUG_INFORMATION_FORMAT = dwarf;
				ENABLE_STRICT_OBJC_MSGSEND = YES;
				ENABLE_TESTABILITY = YES;
				ENABLE_USER_SCRIPT_SANDBOXING = YES;
				GCC_C_LANGUAGE_STANDARD = gnu17;
				GCC_DYNAMIC_NO_PIC = NO;
				GCC_NO_COMMON_BLOCKS = YES;
				GCC_OPTIMIZATION_LEVEL = 0;
				GCC_PREPROCESSOR_DEFINITIONS = (
					"DEBUG=1",
					"$(inherited)",
				);
				GCC_WARN_64_TO_32_BIT_CONVERSION = YES;
				GCC_WARN_ABOUT_RETURN_TYPE = YES_ERROR;
				GCC_WARN_UNDECLARED_SELECTOR = YES;
				GCC_WARN_UNINITIALIZED_AUTOS = YES_AGGRESSIVE;
				GCC_WARN_UNUSED_FUNCTION = YES;
				GCC_WARN_UNUSED_VARIABLE = YES;
				IPHONEOS_DEPLOYMENT_TARGET = 17.4;
				LOCALIZATION_PREFERS_STRING_CATALOGS = YES;
				MTL_ENABLE_DEBUG_INFO = INCLUDE_SOURCE;
				MTL_FAST_MATH = YES;
				ONLY_ACTIVE_ARCH = YES;
				SDKROOT = iphoneos;
				SWIFT_ACTIVE_COMPILATION_CONDITIONS = "DEBUG $(inherited)";
				SWIFT_OPTIMIZATION_LEVEL = "-Onone";
			};
			name = Debug;
		};
		785C76DB2BE20B8200E4B7AE /* Release */ = {
			isa = XCBuildConfiguration;
			buildSettings = {
				ALWAYS_SEARCH_USER_PATHS = NO;
				ASSETCATALOG_COMPILER_GENERATE_SWIFT_ASSET_SYMBOL_EXTENSIONS = YES;
				CLANG_ANALYZER_NONNULL = YES;
				CLANG_ANALYZER_NUMBER_OBJECT_CONVERSION = YES_AGGRESSIVE;
				CLANG_CXX_LANGUAGE_STANDARD = "gnu++20";
				CLANG_ENABLE_MODULES = YES;
				CLANG_ENABLE_OBJC_ARC = YES;
				CLANG_ENABLE_OBJC_WEAK = YES;
				CLANG_WARN_BLOCK_CAPTURE_AUTORELEASING = YES;
				CLANG_WARN_BOOL_CONVERSION = YES;
				CLANG_WARN_COMMA = YES;
				CLANG_WARN_CONSTANT_CONVERSION = YES;
				CLANG_WARN_DEPRECATED_OBJC_IMPLEMENTATIONS = YES;
				CLANG_WARN_DIRECT_OBJC_ISA_USAGE = YES_ERROR;
				CLANG_WARN_DOCUMENTATION_COMMENTS = YES;
				CLANG_WARN_EMPTY_BODY = YES;
				CLANG_WARN_ENUM_CONVERSION = YES;
				CLANG_WARN_INFINITE_RECURSION = YES;
				CLANG_WARN_INT_CONVERSION = YES;
				CLANG_WARN_NON_LITERAL_NULL_CONVERSION = YES;
				CLANG_WARN_OBJC_IMPLICIT_RETAIN_SELF = YES;
				CLANG_WARN_OBJC_LITERAL_CONVERSION = YES;
				CLANG_WARN_OBJC_ROOT_CLASS = YES_ERROR;
				CLANG_WARN_QUOTED_INCLUDE_IN_FRAMEWORK_HEADER = YES;
				CLANG_WARN_RANGE_LOOP_ANALYSIS = YES;
				CLANG_WARN_STRICT_PROTOTYPES = YES;
				CLANG_WARN_SUSPICIOUS_MOVE = YES;
				CLANG_WARN_UNGUARDED_AVAILABILITY = YES_AGGRESSIVE;
				CLANG_WARN_UNREACHABLE_CODE = YES;
				CLANG_WARN__DUPLICATE_METHOD_MATCH = YES;
				COPY_PHASE_STRIP = NO;
				DEBUG_INFORMATION_FORMAT = "dwarf-with-dsym";
				ENABLE_NS_ASSERTIONS = NO;
				ENABLE_STRICT_OBJC_MSGSEND = YES;
				ENABLE_USER_SCRIPT_SANDBOXING = YES;
				GCC_C_LANGUAGE_STANDARD = gnu17;
				GCC_NO_COMMON_BLOCKS = YES;
				GCC_WARN_64_TO_32_BIT_CONVERSION = YES;
				GCC_WARN_ABOUT_RETURN_TYPE = YES_ERROR;
				GCC_WARN_UNDECLARED_SELECTOR = YES;
				GCC_WARN_UNINITIALIZED_AUTOS = YES_AGGRESSIVE;
				GCC_WARN_UNUSED_FUNCTION = YES;
				GCC_WARN_UNUSED_VARIABLE = YES;
				IPHONEOS_DEPLOYMENT_TARGET = 17.4;
				LOCALIZATION_PREFERS_STRING_CATALOGS = YES;
				MTL_ENABLE_DEBUG_INFO = NO;
				MTL_FAST_MATH = YES;
				SDKROOT = iphoneos;
				SWIFT_COMPILATION_MODE = wholemodule;
				VALIDATE_PRODUCT = YES;
			};
			name = Release;
		};
		785C76DD2BE20B8200E4B7AE /* Debug */ = {
			isa = XCBuildConfiguration;
			buildSettings = {
				ASSETCATALOG_COMPILER_APPICON_NAME = AppIcon;
				ASSETCATALOG_COMPILER_GLOBAL_ACCENT_COLOR_NAME = AccentColor;
				CODE_SIGN_STYLE = Automatic;
				CURRENT_PROJECT_VERSION = 1;
				DEVELOPMENT_ASSET_PATHS = "\"MIBottomDrawer/Preview Content\"";
				ENABLE_PREVIEWS = YES;
				GENERATE_INFOPLIST_FILE = YES;
				INFOPLIST_KEY_UIApplicationSceneManifest_Generation = YES;
				INFOPLIST_KEY_UIApplicationSupportsIndirectInputEvents = YES;
				INFOPLIST_KEY_UILaunchScreen_Generation = YES;
				INFOPLIST_KEY_UISupportedInterfaceOrientations = UIInterfaceOrientationPortrait;
				LD_RUNPATH_SEARCH_PATHS = (
					"$(inherited)",
					"@executable_path/Frameworks",
				);
				MARKETING_VERSION = 1.0;
				PRODUCT_BUNDLE_IDENTIFIER = com.mi.bottomdrawer.MIBottomDrawer;
				PRODUCT_NAME = "$(TARGET_NAME)";
				SWIFT_EMIT_LOC_STRINGS = YES;
				SWIFT_VERSION = 5.0;
				TARGETED_DEVICE_FAMILY = "1,2";
			};
			name = Debug;
		};
		785C76DE2BE20B8200E4B7AE /* Release */ = {
			isa = XCBuildConfiguration;
			buildSettings = {
				ASSETCATALOG_COMPILER_APPICON_NAME = AppIcon;
				ASSETCATALOG_COMPILER_GLOBAL_ACCENT_COLOR_NAME = AccentColor;
				CODE_SIGN_STYLE = Automatic;
				CURRENT_PROJECT_VERSION = 1;
				DEVELOPMENT_ASSET_PATHS = "\"MIBottomDrawer/Preview Content\"";
				ENABLE_PREVIEWS = YES;
				GENERATE_INFOPLIST_FILE = YES;
				INFOPLIST_KEY_UIApplicationSceneManifest_Generation = YES;
				INFOPLIST_KEY_UIApplicationSupportsIndirectInputEvents = YES;
				INFOPLIST_KEY_UILaunchScreen_Generation = YES;
				INFOPLIST_KEY_UISupportedInterfaceOrientations = UIInterfaceOrientationPortrait;
				LD_RUNPATH_SEARCH_PATHS = (
					"$(inherited)",
					"@executable_path/Frameworks",
				);
				MARKETING_VERSION = 1.0;
				PRODUCT_BUNDLE_IDENTIFIER = com.mi.bottomdrawer.MIBottomDrawer;
				PRODUCT_NAME = "$(TARGET_NAME)";
				SWIFT_EMIT_LOC_STRINGS = YES;
				SWIFT_VERSION = 5.0;
				TARGETED_DEVICE_FAMILY = "1,2";
			};
			name = Release;
		};
/* End XCBuildConfiguration section */

/* Begin XCConfigurationList section */
		785C76B32BE20B7F00E4B7AE /* Build configuration list for PBXProject "MIBottomDrawer" */ = {
			isa = XCConfigurationList;
			buildConfigurations = (
				785C76DA2BE20B8200E4B7AE /* Debug */,
				785C76DB2BE20B8200E4B7AE /* Release */,
			);
			defaultConfigurationIsVisible = 0;
			defaultConfigurationName = Release;
		};
		785C76DC2BE20B8200E4B7AE /* Build configuration list for PBXNativeTarget "MIBottomDrawer" */ = {
			isa = XCConfigurationList;
			buildConfigurations = (
				785C76DD2BE20B8200E4B7AE /* Debug */,
				785C76DE2BE20B8200E4B7AE /* Release */,
			);
			defaultConfigurationIsVisible = 0;
			defaultConfigurationName = Release;
		};
/* End XCConfigurationList section */
	};
	rootObject = 785C76B02BE20B7F00E4B7AE /* Project object */;
}
